
Microsoft Visual Studio Solution File, Format Version 12.00
# Visual Studio Version 16
VisualStudioVersion = 16.0.30225.117
MinimumVisualStudioVersion = 10.0.40219.1
Project("{9A19103F-16F7-4668-BE54-9A1E7A4F7556}") = "DEOTool", "DEOTool\DEOTool.csproj", "{BA8BE821-1C5B-4A91-8CA6-DB6E019C4834}"
EndProject
Global
	GlobalSection(SolutionConfigurationPlatforms) = preSolution
		Debug|Any CPU = Debug|Any CPU
		Release|Any CPU = Release|Any CPU
	EndGlobalSection
	GlobalSection(ProjectConfigurationPlatforms) = postSolution
		{BA8BE821-1C5B-4A91-8CA6-DB6E019C4834}.Debug|Any CPU.ActiveCfg = Debug|Any CPU
		{BA8BE821-1C5B-4A91-8CA6-DB6E019C4834}.Debug|Any CPU.Build.0 = Debug|Any CPU
		{BA8BE821-1C5B-4A91-8CA6-DB6E019C4834}.Release|Any CPU.ActiveCfg = Release|Any CPU
		{BA8BE821-1C5B-4A91-8CA6-DB6E019C4834}.Release|Any CPU.Build.0 = Release|Any CPU
	EndGlobalSection
	GlobalSection(SolutionProperties) = preSolution
		HideSolutionNode = FALSE
	EndGlobalSection
	GlobalSection(ExtensibilityGlobals) = postSolution
		SolutionGuid = {CA4F1476-8D68-456E-B9F8-3A5C11DCAEA5}
	EndGlobalSection
EndGlobal
